
Microsoft Visual Studio Solution File, Format Version 12.00
# Visual Studio Version 17
VisualStudioVersion = 17.4.33213.308
MinimumVisualStudioVersion = 10.0.40219.1
Project("{FAE04EC0-301F-11D3-BF4B-00C04F79EFBC}") = "HomeBudgetManagement", "HomeBudgetManagement\HomeBudgetManagement.csproj", "{6F477B2E-0C87-47A3-9683-FFF8E5C84DCD}"
EndProject
Project("{FAE04EC0-301F-11D3-BF4B-00C04F79EFBC}") = "Background", "Background\Background.csproj", "{B1615FB5-1EAE-4168-BF2D-EDC5B7941A2C}"
EndProject
Project("{FAE04EC0-301F-11D3-BF4B-00C04F79EFBC}") = "Database", "Database\Database.csproj", "{099BCABB-4328-4F6F-840E-C16EA25DA0EE}"
EndProject
Global
	GlobalSection(SolutionConfigurationPlatforms) = preSolution
		Debug|Any CPU = Debug|Any CPU
		Release|Any CPU = Release|Any CPU
	EndGlobalSection
	GlobalSection(ProjectConfigurationPlatforms) = postSolution
		{6F477B2E-0C87-47A3-9683-FFF8E5C84DCD}.Debug|Any CPU.ActiveCfg = Debug|Any CPU
		{6F477B2E-0C87-47A3-9683-FFF8E5C84DCD}.Debug|Any CPU.Build.0 = Debug|Any CPU
		{6F477B2E-0C87-47A3-9683-FFF8E5C84DCD}.Release|Any CPU.ActiveCfg = Release|Any CPU
		{6F477B2E-0C87-47A3-9683-FFF8E5C84DCD}.Release|Any CPU.Build.0 = Release|Any CPU
		{B1615FB5-1EAE-4168-BF2D-EDC5B7941A2C}.Debug|Any CPU.ActiveCfg = Debug|Any CPU
		{B1615FB5-1EAE-4168-BF2D-EDC5B7941A2C}.Debug|Any CPU.Build.0 = Debug|Any CPU
		{B1615FB5-1EAE-4168-BF2D-EDC5B7941A2C}.Release|Any CPU.ActiveCfg = Release|Any CPU
		{B1615FB5-1EAE-4168-BF2D-EDC5B7941A2C}.Release|Any CPU.Build.0 = Release|Any CPU
		{099BCABB-4328-4F6F-840E-C16EA25DA0EE}.Debug|Any CPU.ActiveCfg = Debug|Any CPU
		{099BCABB-4328-4F6F-840E-C16EA25DA0EE}.Debug|Any CPU.Build.0 = Debug|Any CPU
		{099BCABB-4328-4F6F-840E-C16EA25DA0EE}.Release|Any CPU.ActiveCfg = Release|Any CPU
		{099BCABB-4328-4F6F-840E-C16EA25DA0EE}.Release|Any CPU.Build.0 = Release|Any CPU
	EndGlobalSection
	GlobalSection(SolutionProperties) = preSolution
		HideSolutionNode = FALSE
	EndGlobalSection
	GlobalSection(ExtensibilityGlobals) = postSolution
		SolutionGuid = {A3B2CFC9-8C47-46EB-B626-4B5C646E9D97}
	EndGlobalSection
EndGlobal
